
Microsoft Visual Studio Solution File, Format Version 12.00
# Visual Studio 15
VisualStudioVersion = 15.0.27703.2000
MinimumVisualStudioVersion = 10.0.40219.1
Project("{2150E333-8FDC-42A3-9474-1A3956D46DE8}") = "Solution Items", "Solution Items", "{BD041BBC-9CB3-4E48-B5E7-BF9889FFD309}"
	ProjectSection(SolutionItems) = preProject
		README.md = README.md
	EndProjectSection
EndProject
Project("{FAE04EC0-301F-11D3-BF4B-00C04F79EFBC}") = "Safe.Data", "Safe.Data\Safe.Data.csproj", "{5E37F18F-36B4-4DCF-8314-1A8D4E70CE41}"
EndProject
Project("{FAE04EC0-301F-11D3-BF4B-00C04F79EFBC}") = "Safe.UI.WPF", "Safe.UI.WPF\Safe.UI.WPF.csproj", "{686398EB-3A33-4B3C-986B-50322E1D6CB1}"
EndProject
Global
	GlobalSection(SolutionConfigurationPlatforms) = preSolution
		Debug|Any CPU = Debug|Any CPU
		Release|Any CPU = Release|Any CPU
	EndGlobalSection
	GlobalSection(ProjectConfigurationPlatforms) = postSolution
		{5E37F18F-36B4-4DCF-8314-1A8D4E70CE41}.Debug|Any CPU.ActiveCfg = Debug|Any CPU
		{5E37F18F-36B4-4DCF-8314-1A8D4E70CE41}.Debug|Any CPU.Build.0 = Debug|Any CPU
		{5E37F18F-36B4-4DCF-8314-1A8D4E70CE41}.Release|Any CPU.ActiveCfg = Release|Any CPU
		{5E37F18F-36B4-4DCF-8314-1A8D4E70CE41}.Release|Any CPU.Build.0 = Release|Any CPU
		{686398EB-3A33-4B3C-986B-50322E1D6CB1}.Debug|Any CPU.ActiveCfg = Debug|Any CPU
		{686398EB-3A33-4B3C-986B-50322E1D6CB1}.Debug|Any CPU.Build.0 = Debug|Any CPU
		{686398EB-3A33-4B3C-986B-50322E1D6CB1}.Release|Any CPU.ActiveCfg = Release|Any CPU
		{686398EB-3A33-4B3C-986B-50322E1D6CB1}.Release|Any CPU.Build.0 = Release|Any CPU
	EndGlobalSection
	GlobalSection(SolutionProperties) = preSolution
		HideSolutionNode = FALSE
	EndGlobalSection
	GlobalSection(ExtensibilityGlobals) = postSolution
		SolutionGuid = {93AC48B4-5A4E-4088-97B8-FD056FA8152D}
	EndGlobalSection
EndGlobal
